
Microsoft Visual Studio Solution File, Format Version 12.00
# Visual Studio Version 16
VisualStudioVersion = 16.0.31112.23
MinimumVisualStudioVersion = 10.0.40219.1
Project("{FAE04EC0-301F-11D3-BF4B-00C04F79EFBC}") = "StudentGroup", "StudentGroup\StudentGroup.csproj", "{EDCED94A-4657-472D-B0AD-63998DA7D752}"
EndProject
Global
	GlobalSection(SolutionConfigurationPlatforms) = preSolution
		Debug|Any CPU = Debug|Any CPU
		Release|Any CPU = Release|Any CPU
	EndGlobalSection
	GlobalSection(ProjectConfigurationPlatforms) = postSolution
		{EDCED94A-4657-472D-B0AD-63998DA7D752}.Debug|Any CPU.ActiveCfg = Debug|Any CPU
		{EDCED94A-4657-472D-B0AD-63998DA7D752}.Debug|Any CPU.Build.0 = Debug|Any CPU
		{EDCED94A-4657-472D-B0AD-63998DA7D752}.Release|Any CPU.ActiveCfg = Release|Any CPU
		{EDCED94A-4657-472D-B0AD-63998DA7D752}.Release|Any CPU.Build.0 = Release|Any CPU
	EndGlobalSection
	GlobalSection(SolutionProperties) = preSolution
		HideSolutionNode = FALSE
	EndGlobalSection
	GlobalSection(ExtensibilityGlobals) = postSolution
		SolutionGuid = {64188092-C85C-44F4-8578-BE5B738C5835}
	EndGlobalSection
EndGlobal
